{
  "meteor": {},
  "dependencies": {
    "basePackages": {
      "bootstrap-wysiwyg": {},
      "belt-md5": {},
      "spin": {},
      "jquery-ui": {},
      "tts": {
        "path": "../../../../work/meteor/packages/tts"
      },
      "marked": {},
      "GAnalytics": {},
      "bootboxjs": {},
      "iron-router": {
        "git": "https://github.com/EventedMind/iron-router.git",
        "branch": "dev"
      }
    },
    "packages": {
      "bootstrap-wysiwyg": {
        "git": "https://github.com/mcrider/meteor-bootstrap-wysiwyg.git",
        "tag": "v0.1.0",
        "commit": "b9b1ffadb42b8bbfade08aaea10e4fbe890d21dd"
      },
      "belt-md5": {
        "git": "https://github.com/meteorbelt/belt-md5.git",
        "tag": "v0.2.0",
        "commit": "20890dc42c6866ca826fdf65d14c801164b597cd"
      },
      "spin": {
        "git": "https://github.com/SachaG/meteor-spin.git",
        "tag": "v0.2.2",
        "commit": "3f655f0016228e4195acc784c45d3e3a247dc39f"
      },
      "jquery-ui": {
        "git": "https://github.com/TimHeckel/meteor-jquery-ui.git",
        "tag": "v1.9.2",
        "commit": "c437d45edcf1367df8d5ffa8bad2867758030bd2"
      },
      "tts": {
        "path": "../../../../work/meteor/packages/tts"
      },
      "marked": {
        "git": "https://github.com/chuangbo/meteor-marked.git",
        "tag": "v0.3.2",
        "commit": "850f63135cdeb05344c420bd586fd8af9cab75df"
      },
      "GAnalytics": {
        "git": "https://github.com/datariot/meteor-ganalytics.git",
        "tag": "v0.1.1",
        "commit": "91b19d37687bb2cd7976fb43b482143a53509d7e"
      },
      "bootboxjs": {
        "git": "https://github.com/TimHeckel/meteor-bootboxjs.git",
        "tag": "v4.2.0",
        "commit": "2b7d18ad028d9e7b37238ecf2a8a7970735cebd1"
      },
      "iron-router": {
        "git": "https://github.com/EventedMind/iron-router.git",
        "branch": "dev",
        "commit": "19e7cfb50679b07d9dd8245af6335abf042036df"
      },
      "relocator": {
        "git": "git@bitbucket.org:liquidlearningdev/relocator.git",
        "branch": "master",
        "commit": "ea290782d447ff3d57be0e36411ee89dc360f9aa"
      },
      "bootstrap-3": {
        "git": "https://github.com/mangasocial/meteor-bootstrap-3.git",
        "tag": "v3.1.1-1",
        "commit": "63dd38968828bb8963636df93e9a1c45e2dfe67e"
      },
      "blaze-layout": {
        "git": "https://github.com/EventedMind/blaze-layout.git",
        "tag": "v0.2.4",
        "commit": "b40e9b0612329288d75cf52ad14a7da64bb8618f"
      },
      "npm": {
        "git": "https://github.com/arunoda/meteor-npm.git",
        "tag": "v0.2.6",
        "commit": "177ab6118de5bf8cffb19481343d5762ff7a2aaf"
      },
      "aws-sdk": {
        "git": "https://github.com/peerlibrary/meteor-aws-sdk.git",
        "tag": "v1.5.1.1",
        "commit": "63efa4ebbe9986bd875f69d5fdf3248c5c44159e"
      },
      "blocking": {
        "git": "https://github.com/peerlibrary/meteor-blocking.git",
        "tag": "v0.4.0",
        "commit": "e25a0be72e771b317b26d2bb5758c983bdcef23c"
      }
    }
  }
}
