{
  "meteor": {},
  "dependencies": {
    "basePackages": {
      "iron-router": {},
      "bootstrap-wysiwyg": {},
      "belt-md5": {},
      "spin": {},
      "jquery-ui": {},
      "tts": {
        "path": "../../../../work/meteor/packages/tts"
      },
      "editor": {
        "git": "git@bitbucket.org:liquidlearningdev/editor.git",
        "branch": "master"
      },
      "slideParser": {
        "git": "git@bitbucket.org:liquidlearningdev/slideparser.git",
        "branch": "master"
      },
      "marked": {},
      "GAnalytics": {}
    },
    "packages": {
      "iron-router": {
        "git": "https://github.com/EventedMind/iron-router.git",
        "tag": "v0.6.1",
        "commit": "4e1ee0581d68bff422a915dacb0bd30eae10fe08"
      },
      "bootstrap-wysiwyg": {
        "git": "https://github.com/mcrider/meteor-bootstrap-wysiwyg.git",
        "tag": "v0.1.0",
        "commit": "b9b1ffadb42b8bbfade08aaea10e4fbe890d21dd"
      },
      "belt-md5": {
        "git": "https://github.com/meteorbelt/belt-md5.git",
        "tag": "v0.2.0",
        "commit": "20890dc42c6866ca826fdf65d14c801164b597cd"
      },
      "spin": {
        "git": "https://github.com/SachaG/meteor-spin.git",
        "tag": "v0.2.0",
        "commit": "fd3a2871a69442848b4b4e74f5e1ae28fa4a95a4"
      },
      "jquery-ui": {
        "git": "https://github.com/TimHeckel/meteor-jquery-ui.git",
        "tag": "v1.9.2",
        "commit": "c437d45edcf1367df8d5ffa8bad2867758030bd2"
      },
      "tts": {
        "path": "../../../../work/meteor/packages/tts"
      },
      "editor": {
        "git": "git@bitbucket.org:liquidlearningdev/editor.git",
        "branch": "master",
        "commit": "3c4bfec10bf5a44be734da6848730a8bdfd2d742"
      },
      "slideParser": {
        "git": "git@bitbucket.org:liquidlearningdev/slideparser.git",
        "branch": "master",
        "commit": "02678bc25a5d14c13a18cdd2d4a22ae9318fba2b"
      },
      "marked": {
        "git": "https://github.com/chuangbo/meteor-marked.git",
        "tag": "v0.2.9",
        "commit": "6485d6f03841501f81176e34ab375840473aa714"
      },
      "GAnalytics": {
        "git": "https://github.com/datariot/meteor-ganalytics.git",
        "tag": "v0.1.0",
        "commit": "937c664cf755f26c6273e4970450c988291c8208"
      },
      "relocator": {
        "git": "git@bitbucket.org:liquidlearningdev/relocator.git",
        "branch": "master",
        "commit": "ec911b3e728da0468c3da31fd3a2b7b67ed934f5"
      },
      "npm": {
        "git": "https://github.com/arunoda/meteor-npm.git",
        "tag": "v0.2.6",
        "commit": "177ab6118de5bf8cffb19481343d5762ff7a2aaf"
      },
      "aws-sdk": {
        "git": "https://github.com/peerlibrary/meteor-aws-sdk.git",
        "tag": "v1.5.0.3",
        "commit": "6745d769dc64660ccd349c33f9ebaf1583b0961a"
      },
      "blocking": {
        "git": "https://github.com/peerlibrary/meteor-blocking.git",
        "tag": "v0.4.0",
        "commit": "e25a0be72e771b317b26d2bb5758c983bdcef23c"
      }
    }
  }
}
